
Microsoft Visual Studio Solution File, Format Version 12.00
# Visual Studio 15
VisualStudioVersion = 15.0.28307.645
MinimumVisualStudioVersion = 10.0.40219.1
Project("{FAE04EC0-301F-11D3-BF4B-00C04F79EFBC}") = "RFID", "RFID\RFID.csproj", "{82737BC6-05AE-4742-A6A1-34E7EEBC1E72}"
EndProject
Global
	GlobalSection(SolutionConfigurationPlatforms) = preSolution
		Debug|Any CPU = Debug|Any CPU
		Release|Any CPU = Release|Any CPU
	EndGlobalSection
	GlobalSection(ProjectConfigurationPlatforms) = postSolution
		{82737BC6-05AE-4742-A6A1-34E7EEBC1E72}.Debug|Any CPU.ActiveCfg = Debug|Any CPU
		{82737BC6-05AE-4742-A6A1-34E7EEBC1E72}.Debug|Any CPU.Build.0 = Debug|Any CPU
		{82737BC6-05AE-4742-A6A1-34E7EEBC1E72}.Release|Any CPU.ActiveCfg = Release|Any CPU
		{82737BC6-05AE-4742-A6A1-34E7EEBC1E72}.Release|Any CPU.Build.0 = Release|Any CPU
	EndGlobalSection
	GlobalSection(SolutionProperties) = preSolution
		HideSolutionNode = FALSE
	EndGlobalSection
	GlobalSection(ExtensibilityGlobals) = postSolution
		SolutionGuid = {6EF765C7-CB8B-45CB-90F9-22930AAF4822}
	EndGlobalSection
EndGlobal
